{
  "nodes": {
    "darwin": {
      "inputs": {
        "nixpkgs": [
          "nixpkgs"
        ]
      },
      "locked": {
        "lastModified": 1743496612,
        "narHash": "sha256-emPWa5lmKbnyuj8c1mSJUkzJNT+iJoU9GMcXwjp2oVM=",
        "owner": "lnl7",
        "repo": "nix-darwin",
        "rev": "73d59580d01e9b9f957ba749f336a272869c42dd",
        "type": "github"
      },
      "original": {
        "owner": "lnl7",
        "repo": "nix-darwin",
        "type": "github"
      }
    },
    "flake-utils": {
      "inputs": {
        "systems": "systems"
      },
      "locked": {
        "lastModified": 1710146030,
        "narHash": "sha256-SZ5L6eA7HJ/nmkzGG7/ISclqe6oZdOZTNoesiInkXPQ=",
        "owner": "numtide",
        "repo": "flake-utils",
        "rev": "b1d9ab70662946ef0850d488da1c9019f3a9752a",
        "type": "github"
      },
      "original": {
        "owner": "numtide",
        "repo": "flake-utils",
        "type": "github"
      }
    },
    "home-manager": {
      "inputs": {
        "nixpkgs": [
          "nixpkgs"
        ]
      },
      "locked": {
        "lastModified": 1743556466,
        "narHash": "sha256-rvU79DJ6rPDxiH0sTp686Vlm+JewwAZPGcwt8OfHJbM=",
        "owner": "nix-community",
        "repo": "home-manager",
        "rev": "5ee44bc7c2e853f144390a12ebe5174ad7e3b9e0",
        "type": "github"
      },
      "original": {
        "owner": "nix-community",
        "repo": "home-manager",
        "type": "github"
      }
    },
    "nix-linter": {
      "locked": {
        "lastModified": 1647887150,
        "narHash": "sha256-1TnRvE3qhhafrQnGapaaSVue6nEwRUICkz227TfHHQw=",
        "owner": "NixOS",
        "repo": "nixpkgs",
        "rev": "4c3c80df545ec5cb26b5480979c3e3f93518cbe5",
        "type": "github"
      },
      "original": {
        "owner": "NixOS",
        "repo": "nixpkgs",
        "rev": "4c3c80df545ec5cb26b5480979c3e3f93518cbe5",
        "type": "github"
      }
    },
    "nixpkgs": {
      "locked": {
        "lastModified": 1743538100,
        "narHash": "sha256-Bl/ynRPIb4CdtbEw3gfJYpKiHmRmrKltXc8zipqpO0o=",
        "owner": "nixos",
        "repo": "nixpkgs",
        "rev": "b9d43b3fe5152d1dc5783a2ba865b2a03388b741",
        "type": "github"
      },
      "original": {
        "owner": "nixos",
        "ref": "nixpkgs-unstable",
        "repo": "nixpkgs",
        "type": "github"
      }
    },
    "nixpkgs_2": {
      "locked": {
        "lastModified": 1736320768,
        "narHash": "sha256-nIYdTAiKIGnFNugbomgBJR+Xv5F1ZQU+HfaBqJKroC0=",
        "owner": "NixOS",
        "repo": "nixpkgs",
        "rev": "4bc9c909d9ac828a039f288cf872d16d38185db8",
        "type": "github"
      },
      "original": {
        "owner": "NixOS",
        "ref": "nixpkgs-unstable",
        "repo": "nixpkgs",
        "type": "github"
      }
    },
    "root": {
      "inputs": {
        "darwin": "darwin",
        "home-manager": "home-manager",
        "nix-linter": "nix-linter",
        "nixpkgs": "nixpkgs",
        "rust-overlay": "rust-overlay",
        "tree-sitter-astro": "tree-sitter-astro"
      }
    },
    "rust-overlay": {
      "inputs": {
        "nixpkgs": "nixpkgs_2"
      },
      "locked": {
        "lastModified": 1743561237,
        "narHash": "sha256-dd97LXek202OWmUXvKYFdYWj0jHrn3p+L5Ojh1SEOqs=",
        "owner": "oxalica",
        "repo": "rust-overlay",
        "rev": "1de27ae43712a971c1da100dcd84386356f03ec7",
        "type": "github"
      },
      "original": {
        "owner": "oxalica",
        "repo": "rust-overlay",
        "type": "github"
      }
    },
    "systems": {
      "locked": {
        "lastModified": 1681028828,
        "narHash": "sha256-Vy1rq5AaRuLzOxct8nz4T6wlgyUR7zLU309k9mBC768=",
        "owner": "nix-systems",
        "repo": "default",
        "rev": "da67096a3b9bf56a91d16901293e51ba5b49a27e",
        "type": "github"
      },
      "original": {
        "owner": "nix-systems",
        "repo": "default",
        "type": "github"
      }
    },
    "tree-sitter-astro": {
      "inputs": {
        "flake-utils": "flake-utils",
        "nixpkgs": [
          "nixpkgs"
        ]
      },
      "locked": {
        "lastModified": 1735172405,
        "narHash": "sha256-LhehKOhCDPExEgEiOj3TiuFk8/DohzYhy/9GmUSxaIg=",
        "owner": "virchau13",
        "repo": "tree-sitter-astro",
        "rev": "0ad33e32ae9726e151d16ca20ba3e507ff65e01f",
        "type": "github"
      },
      "original": {
        "owner": "virchau13",
        "repo": "tree-sitter-astro",
        "type": "github"
      }
    }
  },
  "root": "root",
  "version": 7
}
